
Microsoft Visual Studio Solution File, Format Version 12.00
# Visual Studio Version 17
VisualStudioVersion = 17.0.31903.59
MinimumVisualStudioVersion = 10.0.40219.1
Project("{2150E333-8FDC-42A3-9474-1A3956D46DE8}") = "src", "src", "{827E0CD3-B72D-47B6-A68D-7590B98EB39B}"
EndProject
Project("{FAE04EC0-301F-11D3-BF4B-00C04F79EFBC}") = "InvoiceRobot.Core", "src\InvoiceRobot.Core\InvoiceRobot.Core.csproj", "{7FE2DF4B-950F-4BC7-8FF1-CA96DD556198}"
EndProject
Project("{FAE04EC0-301F-11D3-BF4B-00C04F79EFBC}") = "InvoiceRobot.Infrastructure", "src\InvoiceRobot.Infrastructure\InvoiceRobot.Infrastructure.csproj", "{C30D4B24-4CA5-4B24-A069-A94A7CEC65AB}"
EndProject
Project("{FAE04EC0-301F-11D3-BF4B-00C04F79EFBC}") = "InvoiceRobot.Functions", "src\InvoiceRobot.Functions\InvoiceRobot.Functions.csproj", "{C912FCC1-76E0-483F-87D4-450ECAB3E98C}"
EndProject
Project("{2150E333-8FDC-42A3-9474-1A3956D46DE8}") = "tests", "tests", "{0AB3BF05-4346-4AA6-1389-037BE0695223}"
EndProject
Project("{FAE04EC0-301F-11D3-BF4B-00C04F79EFBC}") = "InvoiceRobot.Core.Tests", "tests\InvoiceRobot.Core.Tests\InvoiceRobot.Core.Tests.csproj", "{819FAC87-816C-4FF9-BFDC-22F6954479E1}"
EndProject
Project("{FAE04EC0-301F-11D3-BF4B-00C04F79EFBC}") = "InvoiceRobot.Infrastructure.Tests", "tests\InvoiceRobot.Infrastructure.Tests\InvoiceRobot.Infrastructure.Tests.csproj", "{17C9C4AA-AF0A-4D0C-9422-2A5E4CF034F2}"
EndProject
Project("{FAE04EC0-301F-11D3-BF4B-00C04F79EFBC}") = "InvoiceRobot.Functions.Tests", "tests\InvoiceRobot.Functions.Tests\InvoiceRobot.Functions.Tests.csproj", "{BA3B02A4-D267-40BA-BAC5-BE1C84D5760B}"
EndProject
Project("{FAE04EC0-301F-11D3-BF4B-00C04F79EFBC}") = "InvoiceRobot.Admin", "src\InvoiceRobot.Admin\InvoiceRobot.Admin.csproj", "{B7823833-6B33-44E9-B1D7-06DFBA52D430}"
EndProject
Global
	GlobalSection(SolutionConfigurationPlatforms) = preSolution
		Debug|Any CPU = Debug|Any CPU
		Debug|x64 = Debug|x64
		Debug|x86 = Debug|x86
		Release|Any CPU = Release|Any CPU
		Release|x64 = Release|x64
		Release|x86 = Release|x86
	EndGlobalSection
	GlobalSection(ProjectConfigurationPlatforms) = postSolution
		{7FE2DF4B-950F-4BC7-8FF1-CA96DD556198}.Debug|Any CPU.ActiveCfg = Debug|Any CPU
		{7FE2DF4B-950F-4BC7-8FF1-CA96DD556198}.Debug|Any CPU.Build.0 = Debug|Any CPU
		{7FE2DF4B-950F-4BC7-8FF1-CA96DD556198}.Debug|x64.ActiveCfg = Debug|Any CPU
		{7FE2DF4B-950F-4BC7-8FF1-CA96DD556198}.Debug|x64.Build.0 = Debug|Any CPU
		{7FE2DF4B-950F-4BC7-8FF1-CA96DD556198}.Debug|x86.ActiveCfg = Debug|Any CPU
		{7FE2DF4B-950F-4BC7-8FF1-CA96DD556198}.Debug|x86.Build.0 = Debug|Any CPU
		{7FE2DF4B-950F-4BC7-8FF1-CA96DD556198}.Release|Any CPU.ActiveCfg = Release|Any CPU
		{7FE2DF4B-950F-4BC7-8FF1-CA96DD556198}.Release|Any CPU.Build.0 = Release|Any CPU
		{7FE2DF4B-950F-4BC7-8FF1-CA96DD556198}.Release|x64.ActiveCfg = Release|Any CPU
		{7FE2DF4B-950F-4BC7-8FF1-CA96DD556198}.Release|x64.Build.0 = Release|Any CPU
		{7FE2DF4B-950F-4BC7-8FF1-CA96DD556198}.Release|x86.ActiveCfg = Release|Any CPU
		{7FE2DF4B-950F-4BC7-8FF1-CA96DD556198}.Release|x86.Build.0 = Release|Any CPU
		{C30D4B24-4CA5-4B24-A069-A94A7CEC65AB}.Debug|Any CPU.ActiveCfg = Debug|Any CPU
		{C30D4B24-4CA5-4B24-A069-A94A7CEC65AB}.Debug|Any CPU.Build.0 = Debug|Any CPU
		{C30D4B24-4CA5-4B24-A069-A94A7CEC65AB}.Debug|x64.ActiveCfg = Debug|Any CPU
		{C30D4B24-4CA5-4B24-A069-A94A7CEC65AB}.Debug|x64.Build.0 = Debug|Any CPU
		{C30D4B24-4CA5-4B24-A069-A94A7CEC65AB}.Debug|x86.ActiveCfg = Debug|Any CPU
		{C30D4B24-4CA5-4B24-A069-A94A7CEC65AB}.Debug|x86.Build.0 = Debug|Any CPU
		{C30D4B24-4CA5-4B24-A069-A94A7CEC65AB}.Release|Any CPU.ActiveCfg = Release|Any CPU
		{C30D4B24-4CA5-4B24-A069-A94A7CEC65AB}.Release|Any CPU.Build.0 = Release|Any CPU
		{C30D4B24-4CA5-4B24-A069-A94A7CEC65AB}.Release|x64.ActiveCfg = Release|Any CPU
		{C30D4B24-4CA5-4B24-A069-A94A7CEC65AB}.Release|x64.Build.0 = Release|Any CPU
		{C30D4B24-4CA5-4B24-A069-A94A7CEC65AB}.Release|x86.ActiveCfg = Release|Any CPU
		{C30D4B24-4CA5-4B24-A069-A94A7CEC65AB}.Release|x86.Build.0 = Release|Any CPU
		{C912FCC1-76E0-483F-87D4-450ECAB3E98C}.Debug|Any CPU.ActiveCfg = Debug|Any CPU
		{C912FCC1-76E0-483F-87D4-450ECAB3E98C}.Debug|Any CPU.Build.0 = Debug|Any CPU
		{C912FCC1-76E0-483F-87D4-450ECAB3E98C}.Debug|x64.ActiveCfg = Debug|Any CPU
		{C912FCC1-76E0-483F-87D4-450ECAB3E98C}.Debug|x64.Build.0 = Debug|Any CPU
		{C912FCC1-76E0-483F-87D4-450ECAB3E98C}.Debug|x86.ActiveCfg = Debug|Any CPU
		{C912FCC1-76E0-483F-87D4-450ECAB3E98C}.Debug|x86.Build.0 = Debug|Any CPU
		{C912FCC1-76E0-483F-87D4-450ECAB3E98C}.Release|Any CPU.ActiveCfg = Release|Any CPU
		{C912FCC1-76E0-483F-87D4-450ECAB3E98C}.Release|Any CPU.Build.0 = Release|Any CPU
		{C912FCC1-76E0-483F-87D4-450ECAB3E98C}.Release|x64.ActiveCfg = Release|Any CPU
		{C912FCC1-76E0-483F-87D4-450ECAB3E98C}.Release|x64.Build.0 = Release|Any CPU
		{C912FCC1-76E0-483F-87D4-450ECAB3E98C}.Release|x86.ActiveCfg = Release|Any CPU
		{C912FCC1-76E0-483F-87D4-450ECAB3E98C}.Release|x86.Build.0 = Release|Any CPU
		{819FAC87-816C-4FF9-BFDC-22F6954479E1}.Debug|Any CPU.ActiveCfg = Debug|Any CPU
		{819FAC87-816C-4FF9-BFDC-22F6954479E1}.Debug|Any CPU.Build.0 = Debug|Any CPU
		{819FAC87-816C-4FF9-BFDC-22F6954479E1}.Debug|x64.ActiveCfg = Debug|Any CPU
		{819FAC87-816C-4FF9-BFDC-22F6954479E1}.Debug|x64.Build.0 = Debug|Any CPU
		{819FAC87-816C-4FF9-BFDC-22F6954479E1}.Debug|x86.ActiveCfg = Debug|Any CPU
		{819FAC87-816C-4FF9-BFDC-22F6954479E1}.Debug|x86.Build.0 = Debug|Any CPU
		{819FAC87-816C-4FF9-BFDC-22F6954479E1}.Release|Any CPU.ActiveCfg = Release|Any CPU
		{819FAC87-816C-4FF9-BFDC-22F6954479E1}.Release|Any CPU.Build.0 = Release|Any CPU
		{819FAC87-816C-4FF9-BFDC-22F6954479E1}.Release|x64.ActiveCfg = Release|Any CPU
		{819FAC87-816C-4FF9-BFDC-22F6954479E1}.Release|x64.Build.0 = Release|Any CPU
		{819FAC87-816C-4FF9-BFDC-22F6954479E1}.Release|x86.ActiveCfg = Release|Any CPU
		{819FAC87-816C-4FF9-BFDC-22F6954479E1}.Release|x86.Build.0 = Release|Any CPU
		{17C9C4AA-AF0A-4D0C-9422-2A5E4CF034F2}.Debug|Any CPU.ActiveCfg = Debug|Any CPU
		{17C9C4AA-AF0A-4D0C-9422-2A5E4CF034F2}.Debug|Any CPU.Build.0 = Debug|Any CPU
		{17C9C4AA-AF0A-4D0C-9422-2A5E4CF034F2}.Debug|x64.ActiveCfg = Debug|Any CPU
		{17C9C4AA-AF0A-4D0C-9422-2A5E4CF034F2}.Debug|x64.Build.0 = Debug|Any CPU
		{17C9C4AA-AF0A-4D0C-9422-2A5E4CF034F2}.Debug|x86.ActiveCfg = Debug|Any CPU
		{17C9C4AA-AF0A-4D0C-9422-2A5E4CF034F2}.Debug|x86.Build.0 = Debug|Any CPU
		{17C9C4AA-AF0A-4D0C-9422-2A5E4CF034F2}.Release|Any CPU.ActiveCfg = Release|Any CPU
		{17C9C4AA-AF0A-4D0C-9422-2A5E4CF034F2}.Release|Any CPU.Build.0 = Release|Any CPU
		{17C9C4AA-AF0A-4D0C-9422-2A5E4CF034F2}.Release|x64.ActiveCfg = Release|Any CPU
		{17C9C4AA-AF0A-4D0C-9422-2A5E4CF034F2}.Release|x64.Build.0 = Release|Any CPU
		{17C9C4AA-AF0A-4D0C-9422-2A5E4CF034F2}.Release|x86.ActiveCfg = Release|Any CPU
		{17C9C4AA-AF0A-4D0C-9422-2A5E4CF034F2}.Release|x86.Build.0 = Release|Any CPU
		{BA3B02A4-D267-40BA-BAC5-BE1C84D5760B}.Debug|Any CPU.ActiveCfg = Debug|Any CPU
		{BA3B02A4-D267-40BA-BAC5-BE1C84D5760B}.Debug|Any CPU.Build.0 = Debug|Any CPU
		{BA3B02A4-D267-40BA-BAC5-BE1C84D5760B}.Debug|x64.ActiveCfg = Debug|Any CPU
		{BA3B02A4-D267-40BA-BAC5-BE1C84D5760B}.Debug|x64.Build.0 = Debug|Any CPU
		{BA3B02A4-D267-40BA-BAC5-BE1C84D5760B}.Debug|x86.ActiveCfg = Debug|Any CPU
		{BA3B02A4-D267-40BA-BAC5-BE1C84D5760B}.Debug|x86.Build.0 = Debug|Any CPU
		{BA3B02A4-D267-40BA-BAC5-BE1C84D5760B}.Release|Any CPU.ActiveCfg = Release|Any CPU
		{BA3B02A4-D267-40BA-BAC5-BE1C84D5760B}.Release|Any CPU.Build.0 = Release|Any CPU
		{BA3B02A4-D267-40BA-BAC5-BE1C84D5760B}.Release|x64.ActiveCfg = Release|Any CPU
		{BA3B02A4-D267-40BA-BAC5-BE1C84D5760B}.Release|x64.Build.0 = Release|Any CPU
		{BA3B02A4-D267-40BA-BAC5-BE1C84D5760B}.Release|x86.ActiveCfg = Release|Any CPU
		{BA3B02A4-D267-40BA-BAC5-BE1C84D5760B}.Release|x86.Build.0 = Release|Any CPU
		{B7823833-6B33-44E9-B1D7-06DFBA52D430}.Debug|Any CPU.ActiveCfg = Debug|Any CPU
		{B7823833-6B33-44E9-B1D7-06DFBA52D430}.Debug|Any CPU.Build.0 = Debug|Any CPU
		{B7823833-6B33-44E9-B1D7-06DFBA52D430}.Debug|x64.ActiveCfg = Debug|Any CPU
		{B7823833-6B33-44E9-B1D7-06DFBA52D430}.Debug|x64.Build.0 = Debug|Any CPU
		{B7823833-6B33-44E9-B1D7-06DFBA52D430}.Debug|x86.ActiveCfg = Debug|Any CPU
		{B7823833-6B33-44E9-B1D7-06DFBA52D430}.Debug|x86.Build.0 = Debug|Any CPU
		{B7823833-6B33-44E9-B1D7-06DFBA52D430}.Release|Any CPU.ActiveCfg = Release|Any CPU
		{B7823833-6B33-44E9-B1D7-06DFBA52D430}.Release|Any CPU.Build.0 = Release|Any CPU
		{B7823833-6B33-44E9-B1D7-06DFBA52D430}.Release|x64.ActiveCfg = Release|Any CPU
		{B7823833-6B33-44E9-B1D7-06DFBA52D430}.Release|x64.Build.0 = Release|Any CPU
		{B7823833-6B33-44E9-B1D7-06DFBA52D430}.Release|x86.ActiveCfg = Release|Any CPU
		{B7823833-6B33-44E9-B1D7-06DFBA52D430}.Release|x86.Build.0 = Release|Any CPU
	EndGlobalSection
	GlobalSection(SolutionProperties) = preSolution
		HideSolutionNode = FALSE
	EndGlobalSection
	GlobalSection(NestedProjects) = preSolution
		{7FE2DF4B-950F-4BC7-8FF1-CA96DD556198} = {827E0CD3-B72D-47B6-A68D-7590B98EB39B}
		{C30D4B24-4CA5-4B24-A069-A94A7CEC65AB} = {827E0CD3-B72D-47B6-A68D-7590B98EB39B}
		{C912FCC1-76E0-483F-87D4-450ECAB3E98C} = {827E0CD3-B72D-47B6-A68D-7590B98EB39B}
		{819FAC87-816C-4FF9-BFDC-22F6954479E1} = {0AB3BF05-4346-4AA6-1389-037BE0695223}
		{17C9C4AA-AF0A-4D0C-9422-2A5E4CF034F2} = {0AB3BF05-4346-4AA6-1389-037BE0695223}
		{BA3B02A4-D267-40BA-BAC5-BE1C84D5760B} = {0AB3BF05-4346-4AA6-1389-037BE0695223}
		{B7823833-6B33-44E9-B1D7-06DFBA52D430} = {827E0CD3-B72D-47B6-A68D-7590B98EB39B}
	EndGlobalSection
EndGlobal
